// !$*UTF8*$!
{
	archiveVersion = 1;
	classes = {
	};
	objectVersion = 52;
	objects = {

/* Begin PBXBuildFile section */
		14518C3E2433722700E92590 /* AppDelegate.swift in Sources */ = {isa = PBXBuildFile; fileRef = 14518C3D2433722700E92590 /* AppDelegate.swift */; };
		14518C402433722700E92590 /* SceneDelegate.swift in Sources */ = {isa = PBXBuildFile; fileRef = 14518C3F2433722700E92590 /* SceneDelegate.swift */; };
		14518C422433722700E92590 /* ViewController.swift in Sources */ = {isa = PBXBuildFile; fileRef = 14518C412433722700E92590 /* ViewController.swift */; };
		14518C452433722700E92590 /* Main.storyboard in Resources */ = {isa = PBXBuildFile; fileRef = 14518C432433722700E92590 /* Main.storyboard */; };
		14518C472433722B00E92590 /* Assets.xcassets in Resources */ = {isa = PBXBuildFile; fileRef = 14518C462433722B00E92590 /* Assets.xcassets */; };
		14518C4A2433722B00E92590 /* LaunchScreen.storyboard in Resources */ = {isa = PBXBuildFile; fileRef = 14518C482433722B00E92590 /* LaunchScreen.storyboard */; };
		14518C522433724F00E92590 /* FlowerClassifier.mlmodel in Sources */ = {isa = PBXBuildFile; fileRef = 14518C512433724F00E92590 /* FlowerClassifier.mlmodel */; };
		14518C552433969800E92590 /* Alamofire in Frameworks */ = {isa = PBXBuildFile; productRef = 14518C542433969800E92590 /* Alamofire */; };
		14518C58243396CD00E92590 /* SwiftyJSON in Frameworks */ = {isa = PBXBuildFile; productRef = 14518C57243396CD00E92590 /* SwiftyJSON */; };
		14518C5A24339E7B00E92590 /* NetworkManager.swift in Sources */ = {isa = PBXBuildFile; fileRef = 14518C5924339E7B00E92590 /* NetworkManager.swift */; };
		14518C5C24339F7E00E92590 /* Flower.swift in Sources */ = {isa = PBXBuildFile; fileRef = 14518C5B24339F7E00E92590 /* Flower.swift */; };
		14518C5F2433A08E00E92590 /* SDWebImage in Frameworks */ = {isa = PBXBuildFile; productRef = 14518C5E2433A08E00E92590 /* SDWebImage */; };
/* End PBXBuildFile section */

/* Begin PBXFileReference section */
		14518C3A2433722700E92590 /* WhatFlower.app */ = {isa = PBXFileReference; explicitFileType = wrapper.application; includeInIndex = 0; path = WhatFlower.app; sourceTree = BUILT_PRODUCTS_DIR; };
		14518C3D2433722700E92590 /* AppDelegate.swift */ = {isa = PBXFileReference; lastKnownFileType = sourcecode.swift; path = AppDelegate.swift; sourceTree = "<group>"; };
		14518C3F2433722700E92590 /* SceneDelegate.swift */ = {isa = PBXFileReference; lastKnownFileType = sourcecode.swift; path = SceneDelegate.swift; sourceTree = "<group>"; };
		14518C412433722700E92590 /* ViewController.swift */ = {isa = PBXFileReference; lastKnownFileType = sourcecode.swift; path = ViewController.swift; sourceTree = "<group>"; };
		14518C442433722700E92590 /* Base */ = {isa = PBXFileReference; lastKnownFileType = file.storyboard; name = Base; path = Base.lproj/Main.storyboard; sourceTree = "<group>"; };
		14518C462433722B00E92590 /* Assets.xcassets */ = {isa = PBXFileReference; lastKnownFileType = folder.assetcatalog; path = Assets.xcassets; sourceTree = "<group>"; };
		14518C492433722B00E92590 /* Base */ = {isa = PBXFileReference; lastKnownFileType = file.storyboard; name = Base; path = Base.lproj/LaunchScreen.storyboard; sourceTree = "<group>"; };
		14518C4B2433722B00E92590 /* Info.plist */ = {isa = PBXFileReference; lastKnownFileType = text.plist.xml; path = Info.plist; sourceTree = "<group>"; };
		14518C512433724F00E92590 /* FlowerClassifier.mlmodel */ = {isa = PBXFileReference; lastKnownFileType = file.mlmodel; path = FlowerClassifier.mlmodel; sourceTree = "<group>"; };
		14518C5924339E7B00E92590 /* NetworkManager.swift */ = {isa = PBXFileReference; lastKnownFileType = sourcecode.swift; path = NetworkManager.swift; sourceTree = "<group>"; };
		14518C5B24339F7E00E92590 /* Flower.swift */ = {isa = PBXFileReference; lastKnownFileType = sourcecode.swift; path = Flower.swift; sourceTree = "<group>"; };
/* End PBXFileReference section */

/* Begin PBXFrameworksBuildPhase section */
		14518C372433722700E92590 /* Frameworks */ = {
			isa = PBXFrameworksBuildPhase;
			buildActionMask = 2147483647;
			files = (
				14518C5F2433A08E00E92590 /* SDWebImage in Frameworks */,
				14518C58243396CD00E92590 /* SwiftyJSON in Frameworks */,
				14518C552433969800E92590 /* Alamofire in Frameworks */,
			);
			runOnlyForDeploymentPostprocessing = 0;
		};
/* End PBXFrameworksBuildPhase section */

/* Begin PBXGroup section */
		14518C312433722700E92590 = {
			isa = PBXGroup;
			children = (
				14518C3C2433722700E92590 /* WhatFlower */,
				14518C3B2433722700E92590 /* Products */,
			);
			sourceTree = "<group>";
		};
		14518C3B2433722700E92590 /* Products */ = {
			isa = PBXGroup;
			children = (
				14518C3A2433722700E92590 /* WhatFlower.app */,
			);
			name = Products;
			sourceTree = "<group>";
		};
		14518C3C2433722700E92590 /* WhatFlower */ = {
			isa = PBXGroup;
			children = (
				14518C3D2433722700E92590 /* AppDelegate.swift */,
				14518C3F2433722700E92590 /* SceneDelegate.swift */,
				14518C412433722700E92590 /* ViewController.swift */,
				14518C432433722700E92590 /* Main.storyboard */,
				14518C462433722B00E92590 /* Assets.xcassets */,
				14518C482433722B00E92590 /* LaunchScreen.storyboard */,
				14518C4B2433722B00E92590 /* Info.plist */,
				14518C512433724F00E92590 /* FlowerClassifier.mlmodel */,
				14518C5924339E7B00E92590 /* NetworkManager.swift */,
				14518C5B24339F7E00E92590 /* Flower.swift */,
			);
			path = WhatFlower;
			sourceTree = "<group>";
		};
/* End PBXGroup section */

/* Begin PBXNativeTarget section */
		14518C392433722700E92590 /* WhatFlower */ = {
			isa = PBXNativeTarget;
			buildConfigurationList = 14518C4E2433722B00E92590 /* Build configuration list for PBXNativeTarget "WhatFlower" */;
			buildPhases = (
				14518C362433722700E92590 /* Sources */,
				14518C372433722700E92590 /* Frameworks */,
				14518C382433722700E92590 /* Resources */,
			);
			buildRules = (
			);
			dependencies = (
			);
			name = WhatFlower;
			packageProductDependencies = (
				14518C542433969800E92590 /* Alamofire */,
				14518C57243396CD00E92590 /* SwiftyJSON */,
				14518C5E2433A08E00E92590 /* SDWebImage */,
			);
			productName = WhatFlower;
			productReference = 14518C3A2433722700E92590 /* WhatFlower.app */;
			productType = "com.apple.product-type.application";
		};
/* End PBXNativeTarget section */

/* Begin PBXProject section */
		14518C322433722700E92590 /* Project object */ = {
			isa = PBXProject;
			attributes = {
				LastSwiftUpdateCheck = 1140;
				LastUpgradeCheck = 1140;
				ORGANIZATIONNAME = "Faisal Babkoor";
				TargetAttributes = {
					14518C392433722700E92590 = {
						CreatedOnToolsVersion = 11.4;
					};
				};
			};
			buildConfigurationList = 14518C352433722700E92590 /* Build configuration list for PBXProject "WhatFlower" */;
			compatibilityVersion = "Xcode 9.3";
			developmentRegion = en;
			hasScannedForEncodings = 0;
			knownRegions = (
				en,
				Base,
			);
			mainGroup = 14518C312433722700E92590;
			packageReferences = (
				14518C532433969800E92590 /* XCRemoteSwiftPackageReference "Alamofire" */,
				14518C56243396CD00E92590 /* XCRemoteSwiftPackageReference "SwiftyJSON" */,
				14518C5D2433A08E00E92590 /* XCRemoteSwiftPackageReference "SDWebImage" */,
			);
			productRefGroup = 14518C3B2433722700E92590 /* Products */;
			projectDirPath = "";
			projectRoot = "";
			targets = (
				14518C392433722700E92590 /* WhatFlower */,
			);
		};
/* End PBXProject section */

/* Begin PBXResourcesBuildPhase section */
		14518C382433722700E92590 /* Resources */ = {
			isa = PBXResourcesBuildPhase;
			buildActionMask = 2147483647;
			files = (
				14518C4A2433722B00E92590 /* LaunchScreen.storyboard in Resources */,
				14518C472433722B00E92590 /* Assets.xcassets in Resources */,
				14518C452433722700E92590 /* Main.storyboard in Resources */,
			);
			runOnlyForDeploymentPostprocessing = 0;
		};
/* End PBXResourcesBuildPhase section */

/* Begin PBXSourcesBuildPhase section */
		14518C362433722700E92590 /* Sources */ = {
			isa = PBXSourcesBuildPhase;
			buildActionMask = 2147483647;
			files = (
				14518C522433724F00E92590 /* FlowerClassifier.mlmodel in Sources */,
				14518C422433722700E92590 /* ViewController.swift in Sources */,
				14518C5C24339F7E00E92590 /* Flower.swift in Sources */,
				14518C5A24339E7B00E92590 /* NetworkManager.swift in Sources */,
				14518C3E2433722700E92590 /* AppDelegate.swift in Sources */,
				14518C402433722700E92590 /* SceneDelegate.swift in Sources */,
			);
			runOnlyForDeploymentPostprocessing = 0;
		};
/* End PBXSourcesBuildPhase section */

/* Begin PBXVariantGroup section */
		14518C432433722700E92590 /* Main.storyboard */ = {
			isa = PBXVariantGroup;
			children = (
				14518C442433722700E92590 /* Base */,
			);
			name = Main.storyboard;
			sourceTree = "<group>";
		};
		14518C482433722B00E92590 /* LaunchScreen.storyboard */ = {
			isa = PBXVariantGroup;
			children = (
				14518C492433722B00E92590 /* Base */,
			);
			name = LaunchScreen.storyboard;
			sourceTree = "<group>";
		};
/* End PBXVariantGroup section */

/* Begin XCBuildConfiguration section */
		14518C4C2433722B00E92590 /* Debug */ = {
			isa = XCBuildConfiguration;
			buildSettings = {
				ALWAYS_SEARCH_USER_PATHS = NO;
				CLANG_ANALYZER_NONNULL = YES;
				CLANG_ANALYZER_NUMBER_OBJECT_CONVERSION = YES_AGGRESSIVE;
				CLANG_CXX_LANGUAGE_STANDARD = "gnu++14";
				CLANG_CXX_LIBRARY = "libc++";
				CLANG_ENABLE_MODULES = YES;
				CLANG_ENABLE_OBJC_ARC = YES;
				CLANG_ENABLE_OBJC_WEAK = YES;
				CLANG_WARN_BLOCK_CAPTURE_AUTORELEASING = YES;
				CLANG_WARN_BOOL_CONVERSION = YES;
				CLANG_WARN_COMMA = YES;
				CLANG_WARN_CONSTANT_CONVERSION = YES;
				CLANG_WARN_DEPRECATED_OBJC_IMPLEMENTATIONS = YES;
				CLANG_WARN_DIRECT_OBJC_ISA_USAGE = YES_ERROR;
				CLANG_WARN_DOCUMENTATION_COMMENTS = YES;
				CLANG_WARN_EMPTY_BODY = YES;
				CLANG_WARN_ENUM_CONVERSION = YES;
				CLANG_WARN_INFINITE_RECURSION = YES;
				CLANG_WARN_INT_CONVERSION = YES;
				CLANG_WARN_NON_LITERAL_NULL_CONVERSION = YES;
				CLANG_WARN_OBJC_IMPLICIT_RETAIN_SELF = YES;
				CLANG_WARN_OBJC_LITERAL_CONVERSION = YES;
				CLANG_WARN_OBJC_ROOT_CLASS = YES_ERROR;
				CLANG_WARN_RANGE_LOOP_ANALYSIS = YES;
				CLANG_WARN_STRICT_PROTOTYPES = YES;
				CLANG_WARN_SUSPICIOUS_MOVE = YES;
				CLANG_WARN_UNGUARDED_AVAILABILITY = YES_AGGRESSIVE;
				CLANG_WARN_UNREACHABLE_CODE = YES;
				CLANG_WARN__DUPLICATE_METHOD_MATCH = YES;
				COPY_PHASE_STRIP = NO;
				DEBUG_INFORMATION_FORMAT = dwarf;
				ENABLE_STRICT_OBJC_MSGSEND = YES;
				ENABLE_TESTABILITY = YES;
				GCC_C_LANGUAGE_STANDARD = gnu11;
				GCC_DYNAMIC_NO_PIC = NO;
				GCC_NO_COMMON_BLOCKS = YES;
				GCC_OPTIMIZATION_LEVEL = 0;
				GCC_PREPROCESSOR_DEFINITIONS = (
					"DEBUG=1",
					"$(inherited)",
				);
				GCC_WARN_64_TO_32_BIT_CONVERSION = YES;
				GCC_WARN_ABOUT_RETURN_TYPE = YES_ERROR;
				GCC_WARN_UNDECLARED_SELECTOR = YES;
				GCC_WARN_UNINITIALIZED_AUTOS = YES_AGGRESSIVE;
				GCC_WARN_UNUSED_FUNCTION = YES;
				GCC_WARN_UNUSED_VARIABLE = YES;
				IPHONEOS_DEPLOYMENT_TARGET = 13.4;
				MTL_ENABLE_DEBUG_INFO = INCLUDE_SOURCE;
				MTL_FAST_MATH = YES;
				ONLY_ACTIVE_ARCH = YES;
				SDKROOT = iphoneos;
				SWIFT_ACTIVE_COMPILATION_CONDITIONS = DEBUG;
				SWIFT_OPTIMIZATION_LEVEL = "-Onone";
			};
			name = Debug;
		};
		14518C4D2433722B00E92590 /* Release */ = {
			isa = XCBuildConfiguration;
			buildSettings = {
				ALWAYS_SEARCH_USER_PATHS = NO;
				CLANG_ANALYZER_NONNULL = YES;
				CLANG_ANALYZER_NUMBER_OBJECT_CONVERSION = YES_AGGRESSIVE;
				CLANG_CXX_LANGUAGE_STANDARD = "gnu++14";
				CLANG_CXX_LIBRARY = "libc++";
				CLANG_ENABLE_MODULES = YES;
				CLANG_ENABLE_OBJC_ARC = YES;
				CLANG_ENABLE_OBJC_WEAK = YES;
				CLANG_WARN_BLOCK_CAPTURE_AUTORELEASING = YES;
				CLANG_WARN_BOOL_CONVERSION = YES;
				CLANG_WARN_COMMA = YES;
				CLANG_WARN_CONSTANT_CONVERSION = YES;
				CLANG_WARN_DEPRECATED_OBJC_IMPLEMENTATIONS = YES;
				CLANG_WARN_DIRECT_OBJC_ISA_USAGE = YES_ERROR;
				CLANG_WARN_DOCUMENTATION_COMMENTS = YES;
				CLANG_WARN_EMPTY_BODY = YES;
				CLANG_WARN_ENUM_CONVERSION = YES;
				CLANG_WARN_INFINITE_RECURSION = YES;
				CLANG_WARN_INT_CONVERSION = YES;
				CLANG_WARN_NON_LITERAL_NULL_CONVERSION = YES;
				CLANG_WARN_OBJC_IMPLICIT_RETAIN_SELF = YES;
				CLANG_WARN_OBJC_LITERAL_CONVERSION = YES;
				CLANG_WARN_OBJC_ROOT_CLASS = YES_ERROR;
				CLANG_WARN_RANGE_LOOP_ANALYSIS = YES;
				CLANG_WARN_STRICT_PROTOTYPES = YES;
				CLANG_WARN_SUSPICIOUS_MOVE = YES;
				CLANG_WARN_UNGUARDED_AVAILABILITY = YES_AGGRESSIVE;
				CLANG_WARN_UNREACHABLE_CODE = YES;
				CLANG_WARN__DUPLICATE_METHOD_MATCH = YES;
				COPY_PHASE_STRIP = NO;
				DEBUG_INFORMATION_FORMAT = "dwarf-with-dsym";
				ENABLE_NS_ASSERTIONS = NO;
				ENABLE_STRICT_OBJC_MSGSEND = YES;
				GCC_C_LANGUAGE_STANDARD = gnu11;
				GCC_NO_COMMON_BLOCKS = YES;
				GCC_WARN_64_TO_32_BIT_CONVERSION = YES;
				GCC_WARN_ABOUT_RETURN_TYPE = YES_ERROR;
				GCC_WARN_UNDECLARED_SELECTOR = YES;
				GCC_WARN_UNINITIALIZED_AUTOS = YES_AGGRESSIVE;
				GCC_WARN_UNUSED_FUNCTION = YES;
				GCC_WARN_UNUSED_VARIABLE = YES;
				IPHONEOS_DEPLOYMENT_TARGET = 13.4;
				MTL_ENABLE_DEBUG_INFO = NO;
				MTL_FAST_MATH = YES;
				SDKROOT = iphoneos;
				SWIFT_COMPILATION_MODE = wholemodule;
				SWIFT_OPTIMIZATION_LEVEL = "-O";
				VALIDATE_PRODUCT = YES;
			};
			name = Release;
		};
		14518C4F2433722B00E92590 /* Debug */ = {
			isa = XCBuildConfiguration;
			buildSettings = {
				ASSETCATALOG_COMPILER_APPICON_NAME = AppIcon;
				CODE_SIGN_STYLE = Automatic;
				DEVELOPMENT_TEAM = 99D7PQF846;
				INFOPLIST_FILE = WhatFlower/Info.plist;
				LD_RUNPATH_SEARCH_PATHS = (
					"$(inherited)",
					"@executable_path/Frameworks",
				);
				PRODUCT_BUNDLE_IDENTIFIER = com.babkoor.faisal.WhatFlower;
				PRODUCT_NAME = "$(TARGET_NAME)";
				SWIFT_VERSION = 5.0;
				TARGETED_DEVICE_FAMILY = "1,2";
			};
			name = Debug;
		};
		14518C502433722B00E92590 /* Release */ = {
			isa = XCBuildConfiguration;
			buildSettings = {
				ASSETCATALOG_COMPILER_APPICON_NAME = AppIcon;
				CODE_SIGN_STYLE = Automatic;
				DEVELOPMENT_TEAM = 99D7PQF846;
				INFOPLIST_FILE = WhatFlower/Info.plist;
				LD_RUNPATH_SEARCH_PATHS = (
					"$(inherited)",
					"@executable_path/Frameworks",
				);
				PRODUCT_BUNDLE_IDENTIFIER = com.babkoor.faisal.WhatFlower;
				PRODUCT_NAME = "$(TARGET_NAME)";
				SWIFT_VERSION = 5.0;
				TARGETED_DEVICE_FAMILY = "1,2";
			};
			name = Release;
		};
/* End XCBuildConfiguration section */

/* Begin XCConfigurationList section */
		14518C352433722700E92590 /* Build configuration list for PBXProject "WhatFlower" */ = {
			isa = XCConfigurationList;
			buildConfigurations = (
				14518C4C2433722B00E92590 /* Debug */,
				14518C4D2433722B00E92590 /* Release */,
			);
			defaultConfigurationIsVisible = 0;
			defaultConfigurationName = Release;
		};
		14518C4E2433722B00E92590 /* Build configuration list for PBXNativeTarget "WhatFlower" */ = {
			isa = XCConfigurationList;
			buildConfigurations = (
				14518C4F2433722B00E92590 /* Debug */,
				14518C502433722B00E92590 /* Release */,
			);
			defaultConfigurationIsVisible = 0;
			defaultConfigurationName = Release;
		};
/* End XCConfigurationList section */

/* Begin XCRemoteSwiftPackageReference section */
		14518C532433969800E92590 /* XCRemoteSwiftPackageReference "Alamofire" */ = {
			isa = XCRemoteSwiftPackageReference;
			repositoryURL = "https://github.com/Alamofire/Alamofire.git";
			requirement = {
				kind = upToNextMajorVersion;
				minimumVersion = 5.0.5;
			};
		};
		14518C56243396CD00E92590 /* XCRemoteSwiftPackageReference "SwiftyJSON" */ = {
			isa = XCRemoteSwiftPackageReference;
			repositoryURL = "https://github.com/SwiftyJSON/SwiftyJSON.git";
			requirement = {
				kind = upToNextMajorVersion;
				minimumVersion = 5.0.0;
			};
		};
		14518C5D2433A08E00E92590 /* XCRemoteSwiftPackageReference "SDWebImage" */ = {
			isa = XCRemoteSwiftPackageReference;
			repositoryURL = "https://github.com/SDWebImage/SDWebImage.git";
			requirement = {
				kind = upToNextMajorVersion;
				minimumVersion = 5.6.1;
			};
		};
/* End XCRemoteSwiftPackageReference section */

/* Begin XCSwiftPackageProductDependency section */
		14518C542433969800E92590 /* Alamofire */ = {
			isa = XCSwiftPackageProductDependency;
			package = 14518C532433969800E92590 /* XCRemoteSwiftPackageReference "Alamofire" */;
			productName = Alamofire;
		};
		14518C57243396CD00E92590 /* SwiftyJSON */ = {
			isa = XCSwiftPackageProductDependency;
			package = 14518C56243396CD00E92590 /* XCRemoteSwiftPackageReference "SwiftyJSON" */;
			productName = SwiftyJSON;
		};
		14518C5E2433A08E00E92590 /* SDWebImage */ = {
			isa = XCSwiftPackageProductDependency;
			package = 14518C5D2433A08E00E92590 /* XCRemoteSwiftPackageReference "SDWebImage" */;
			productName = SDWebImage;
		};
/* End XCSwiftPackageProductDependency section */
	};
	rootObject = 14518C322433722700E92590 /* Project object */;
}
